
Microsoft Visual Studio Solution File, Format Version 12.00
# Visual Studio 15
VisualStudioVersion = 15.0.27130.0
MinimumVisualStudioVersion = 10.0.40219.1
Project("{FAE04EC0-301F-11D3-BF4B-00C04F79EFBC}") = "Lab11Mercado", "Lab11Mercado\Lab11Mercado.csproj", "{F5FD9A11-DB23-4F57-B612-C160F9215A51}"
EndProject
Global
	GlobalSection(SolutionConfigurationPlatforms) = preSolution
		Debug|Any CPU = Debug|Any CPU
		Release|Any CPU = Release|Any CPU
	EndGlobalSection
	GlobalSection(ProjectConfigurationPlatforms) = postSolution
		{F5FD9A11-DB23-4F57-B612-C160F9215A51}.Debug|Any CPU.ActiveCfg = Debug|Any CPU
		{F5FD9A11-DB23-4F57-B612-C160F9215A51}.Debug|Any CPU.Build.0 = Debug|Any CPU
		{F5FD9A11-DB23-4F57-B612-C160F9215A51}.Release|Any CPU.ActiveCfg = Release|Any CPU
		{F5FD9A11-DB23-4F57-B612-C160F9215A51}.Release|Any CPU.Build.0 = Release|Any CPU
	EndGlobalSection
	GlobalSection(SolutionProperties) = preSolution
		HideSolutionNode = FALSE
	EndGlobalSection
	GlobalSection(ExtensibilityGlobals) = postSolution
		SolutionGuid = {71B7B4CF-36DC-478F-851A-10C9DA4AC304}
	EndGlobalSection
EndGlobal
